# @generated by Move, please check-in and do not edit manually.

[move]
version = 3
manifest_digest = "6C1E7D1AB3C64930B2BED27E6E6BF20FE2D7AA71B345AA385D9415BB074610FF"
deps_digest = "F8BBB0CCB2491CA29A3DF03D6F92277A4F3574266507ACD77214D37ECA3F3082"
dependencies = [
  { id = "Sui", name = "Sui" },
]

[[move.package]]
id = "MoveStdlib"
source = { git = "https://github.com/MystenLabs/sui.git", rev = "framework/testnet", subdir = "crates/sui-framework/packages/move-stdlib" }

[[move.package]]
id = "Sui"
source = { git = "https://github.com/MystenLabs/sui.git", rev = "framework/testnet", subdir = "crates/sui-framework/packages/sui-framework" }

dependencies = [
  { id = "MoveStdlib", name = "MoveStdlib" },
]

[move.toolchain-version]
compiler-version = "1.37.3"
edition = "2024.beta"
flavor = "sui"

[env]

[env.devnet]
chain-id = "f12dda03"
original-published-id = "0xb5d0386260ac7baf716652b898ce6b94dd724aa62e93c3f0d9f8c2e0f294b84f"
latest-published-id = "0xb5d0386260ac7baf716652b898ce6b94dd724aa62e93c3f0d9f8c2e0f294b84f"
published-version = "1"
